// !$*UTF8*$!
{
	archiveVersion = 1;
	classes = {
	};
	objectVersion = 46;
	objects = {

/* Begin PBXBuildFile section */
		9F2C25011EB742AB00F733DF /* main.m in Sources */ = {isa = PBXBuildFile; fileRef = 9F2C25001EB742AB00F733DF /* main.m */; };
		9F2C25041EB742AB00F733DF /* AppDelegate.m in Sources */ = {isa = PBXBuildFile; fileRef = 9F2C25031EB742AB00F733DF /* AppDelegate.m */; };
		9F2C25071EB742AB00F733DF /* ViewController.m in Sources */ = {isa = PBXBuildFile; fileRef = 9F2C25061EB742AB00F733DF /* ViewController.m */; };
		9F2C250A1EB742AB00F733DF /* Main.storyboard in Resources */ = {isa = PBXBuildFile; fileRef = 9F2C25081EB742AB00F733DF /* Main.storyboard */; };
		9F2C250C1EB742AB00F733DF /* Assets.xcassets in Resources */ = {isa = PBXBuildFile; fileRef = 9F2C250B1EB742AB00F733DF /* Assets.xcassets */; };
		9F2C250F1EB742AB00F733DF /* LaunchScreen.storyboard in Resources */ = {isa = PBXBuildFile; fileRef = 9F2C250D1EB742AB00F733DF /* LaunchScreen.storyboard */; };
		9F2C25181EB7460F00F733DF /* WordViewController.m in Sources */ = {isa = PBXBuildFile; fileRef = 9F2C25171EB7460F00F733DF /* WordViewController.m */; };
		9F2C251F1EB8BB5B00F733DF /* MatchViewController.m in Sources */ = {isa = PBXBuildFile; fileRef = 9F2C251E1EB8BB5B00F733DF /* MatchViewController.m */; };
		9FE530011EBA0CC800995CD3 /* character.plist in Resources */ = {isa = PBXBuildFile; fileRef = 9FE530001EBA0CC800995CD3 /* character.plist */; };
		9FE530041EBA163D00995CD3 /* CharacterViewController.m in Sources */ = {isa = PBXBuildFile; fileRef = 9FE530031EBA163D00995CD3 /* CharacterViewController.m */; };
		9FE530071EBB655800995CD3 /* MeaningViewController.m in Sources */ = {isa = PBXBuildFile; fileRef = 9FE530061EBB655800995CD3 /* MeaningViewController.m */; };
		9FE5300A1EBCB69000995CD3 /* WordTableViewController.m in Sources */ = {isa = PBXBuildFile; fileRef = 9FE530091EBCB69000995CD3 /* WordTableViewController.m */; };
		9FE5300E1EBF593900995CD3 /* o.png in Resources */ = {isa = PBXBuildFile; fileRef = 9FE5300C1EBF593900995CD3 /* o.png */; };
		9FE5300F1EBF593900995CD3 /* x.png in Resources */ = {isa = PBXBuildFile; fileRef = 9FE5300D1EBF593900995CD3 /* x.png */; };
		9FE530111EC07F8E00995CD3 /* word.xml in Resources */ = {isa = PBXBuildFile; fileRef = 9FE530101EC07F8E00995CD3 /* word.xml */; };
/* End PBXBuildFile section */

/* Begin PBXFileReference section */
		9F2C24FC1EB742AB00F733DF /* JapaneseStudy.app */ = {isa = PBXFileReference; explicitFileType = wrapper.application; includeInIndex = 0; path = JapaneseStudy.app; sourceTree = BUILT_PRODUCTS_DIR; };
		9F2C25001EB742AB00F733DF /* main.m */ = {isa = PBXFileReference; lastKnownFileType = sourcecode.c.objc; path = main.m; sourceTree = "<group>"; };
		9F2C25021EB742AB00F733DF /* AppDelegate.h */ = {isa = PBXFileReference; lastKnownFileType = sourcecode.c.h; path = AppDelegate.h; sourceTree = "<group>"; };
		9F2C25031EB742AB00F733DF /* AppDelegate.m */ = {isa = PBXFileReference; lastKnownFileType = sourcecode.c.objc; path = AppDelegate.m; sourceTree = "<group>"; };
		9F2C25051EB742AB00F733DF /* ViewController.h */ = {isa = PBXFileReference; lastKnownFileType = sourcecode.c.h; path = ViewController.h; sourceTree = "<group>"; };
		9F2C25061EB742AB00F733DF /* ViewController.m */ = {isa = PBXFileReference; lastKnownFileType = sourcecode.c.objc; path = ViewController.m; sourceTree = "<group>"; };
		9F2C25091EB742AB00F733DF /* Base */ = {isa = PBXFileReference; lastKnownFileType = file.storyboard; name = Base; path = Base.lproj/Main.storyboard; sourceTree = "<group>"; };
		9F2C250B1EB742AB00F733DF /* Assets.xcassets */ = {isa = PBXFileReference; lastKnownFileType = folder.assetcatalog; path = Assets.xcassets; sourceTree = "<group>"; };
		9F2C250E1EB742AB00F733DF /* Base */ = {isa = PBXFileReference; lastKnownFileType = file.storyboard; name = Base; path = Base.lproj/LaunchScreen.storyboard; sourceTree = "<group>"; };
		9F2C25101EB742AB00F733DF /* Info.plist */ = {isa = PBXFileReference; lastKnownFileType = text.plist.xml; path = Info.plist; sourceTree = "<group>"; };
		9F2C25161EB7460F00F733DF /* WordViewController.h */ = {isa = PBXFileReference; fileEncoding = 4; lastKnownFileType = sourcecode.c.h; path = WordViewController.h; sourceTree = "<group>"; };
		9F2C25171EB7460F00F733DF /* WordViewController.m */ = {isa = PBXFileReference; fileEncoding = 4; lastKnownFileType = sourcecode.c.objc; path = WordViewController.m; sourceTree = "<group>"; };
		9F2C251D1EB8BB5B00F733DF /* MatchViewController.h */ = {isa = PBXFileReference; fileEncoding = 4; lastKnownFileType = sourcecode.c.h; path = MatchViewController.h; sourceTree = "<group>"; };
		9F2C251E1EB8BB5B00F733DF /* MatchViewController.m */ = {isa = PBXFileReference; fileEncoding = 4; lastKnownFileType = sourcecode.c.objc; path = MatchViewController.m; sourceTree = "<group>"; };
		9FE530001EBA0CC800995CD3 /* character.plist */ = {isa = PBXFileReference; fileEncoding = 4; lastKnownFileType = text.plist.xml; path = character.plist; sourceTree = "<group>"; };
		9FE530021EBA163D00995CD3 /* CharacterViewController.h */ = {isa = PBXFileReference; fileEncoding = 4; lastKnownFileType = sourcecode.c.h; path = CharacterViewController.h; sourceTree = "<group>"; };
		9FE530031EBA163D00995CD3 /* CharacterViewController.m */ = {isa = PBXFileReference; fileEncoding = 4; lastKnownFileType = sourcecode.c.objc; path = CharacterViewController.m; sourceTree = "<group>"; };
		9FE530051EBB655800995CD3 /* MeaningViewController.h */ = {isa = PBXFileReference; fileEncoding = 4; lastKnownFileType = sourcecode.c.h; path = MeaningViewController.h; sourceTree = "<group>"; };
		9FE530061EBB655800995CD3 /* MeaningViewController.m */ = {isa = PBXFileReference; fileEncoding = 4; lastKnownFileType = sourcecode.c.objc; path = MeaningViewController.m; sourceTree = "<group>"; };
		9FE530081EBCB69000995CD3 /* WordTableViewController.h */ = {isa = PBXFileReference; fileEncoding = 4; lastKnownFileType = sourcecode.c.h; path = WordTableViewController.h; sourceTree = "<group>"; };
		9FE530091EBCB69000995CD3 /* WordTableViewController.m */ = {isa = PBXFileReference; fileEncoding = 4; lastKnownFileType = sourcecode.c.objc; path = WordTableViewController.m; sourceTree = "<group>"; };
		9FE5300C1EBF593900995CD3 /* o.png */ = {isa = PBXFileReference; lastKnownFileType = image.png; path = o.png; sourceTree = "<group>"; };
		9FE5300D1EBF593900995CD3 /* x.png */ = {isa = PBXFileReference; lastKnownFileType = image.png; path = x.png; sourceTree = "<group>"; };
		9FE530101EC07F8E00995CD3 /* word.xml */ = {isa = PBXFileReference; fileEncoding = 4; lastKnownFileType = text.xml; path = word.xml; sourceTree = "<group>"; };
/* End PBXFileReference section */

/* Begin PBXFrameworksBuildPhase section */
		9F2C24F91EB742AB00F733DF /* Frameworks */ = {
			isa = PBXFrameworksBuildPhase;
			buildActionMask = 2147483647;
			files = (
			);
			runOnlyForDeploymentPostprocessing = 0;
		};
/* End PBXFrameworksBuildPhase section */

/* Begin PBXGroup section */
		9F2C24F31EB742AB00F733DF = {
			isa = PBXGroup;
			children = (
				9FE5300B1EBF593900995CD3 /* Resources */,
				9F2C24FE1EB742AB00F733DF /* JapaneseStudy */,
				9F2C24FD1EB742AB00F733DF /* Products */,
			);
			sourceTree = "<group>";
		};
		9F2C24FD1EB742AB00F733DF /* Products */ = {
			isa = PBXGroup;
			children = (
				9F2C24FC1EB742AB00F733DF /* JapaneseStudy.app */,
			);
			name = Products;
			sourceTree = "<group>";
		};
		9F2C24FE1EB742AB00F733DF /* JapaneseStudy */ = {
			isa = PBXGroup;
			children = (
				9F2C25021EB742AB00F733DF /* AppDelegate.h */,
				9F2C25031EB742AB00F733DF /* AppDelegate.m */,
				9F2C25051EB742AB00F733DF /* ViewController.h */,
				9F2C25061EB742AB00F733DF /* ViewController.m */,
				9F2C25161EB7460F00F733DF /* WordViewController.h */,
				9F2C25171EB7460F00F733DF /* WordViewController.m */,
				9F2C251D1EB8BB5B00F733DF /* MatchViewController.h */,
				9F2C251E1EB8BB5B00F733DF /* MatchViewController.m */,
				9FE530021EBA163D00995CD3 /* CharacterViewController.h */,
				9FE530031EBA163D00995CD3 /* CharacterViewController.m */,
				9FE530051EBB655800995CD3 /* MeaningViewController.h */,
				9FE530061EBB655800995CD3 /* MeaningViewController.m */,
				9FE530081EBCB69000995CD3 /* WordTableViewController.h */,
				9FE530091EBCB69000995CD3 /* WordTableViewController.m */,
				9FE530001EBA0CC800995CD3 /* character.plist */,
				9F2C25081EB742AB00F733DF /* Main.storyboard */,
				9F2C250B1EB742AB00F733DF /* Assets.xcassets */,
				9F2C250D1EB742AB00F733DF /* LaunchScreen.storyboard */,
				9F2C25101EB742AB00F733DF /* Info.plist */,
				9F2C24FF1EB742AB00F733DF /* Supporting Files */,
			);
			path = JapaneseStudy;
			sourceTree = "<group>";
		};
		9F2C24FF1EB742AB00F733DF /* Supporting Files */ = {
			isa = PBXGroup;
			children = (
				9F2C25001EB742AB00F733DF /* main.m */,
			);
			name = "Supporting Files";
			sourceTree = "<group>";
		};
		9FE5300B1EBF593900995CD3 /* Resources */ = {
			isa = PBXGroup;
			children = (
				9FE530101EC07F8E00995CD3 /* word.xml */,
				9FE5300C1EBF593900995CD3 /* o.png */,
				9FE5300D1EBF593900995CD3 /* x.png */,
			);
			name = Resources;
			path = JapaneseStudy/Resources;
			sourceTree = "<group>";
		};
/* End PBXGroup section */

/* Begin PBXNativeTarget section */
		9F2C24FB1EB742AB00F733DF /* JapaneseStudy */ = {
			isa = PBXNativeTarget;
			buildConfigurationList = 9F2C25131EB742AB00F733DF /* Build configuration list for PBXNativeTarget "JapaneseStudy" */;
			buildPhases = (
				9F2C24F81EB742AB00F733DF /* Sources */,
				9F2C24F91EB742AB00F733DF /* Frameworks */,
				9F2C24FA1EB742AB00F733DF /* Resources */,
			);
			buildRules = (
			);
			dependencies = (
			);
			name = JapaneseStudy;
			productName = JapaneseStudy;
			productReference = 9F2C24FC1EB742AB00F733DF /* JapaneseStudy.app */;
			productType = "com.apple.product-type.application";
		};
/* End PBXNativeTarget section */

/* Begin PBXProject section */
		9F2C24F41EB742AB00F733DF /* Project object */ = {
			isa = PBXProject;
			attributes = {
				LastUpgradeCheck = 0830;
				ORGANIZATIONNAME = DeGi;
				TargetAttributes = {
					9F2C24FB1EB742AB00F733DF = {
						CreatedOnToolsVersion = 8.3.2;
						DevelopmentTeam = 4VT3C47CU5;
						ProvisioningStyle = Automatic;
					};
				};
			};
			buildConfigurationList = 9F2C24F71EB742AB00F733DF /* Build configuration list for PBXProject "JapaneseStudy" */;
			compatibilityVersion = "Xcode 3.2";
			developmentRegion = English;
			hasScannedForEncodings = 0;
			knownRegions = (
				en,
				Base,
			);
			mainGroup = 9F2C24F31EB742AB00F733DF;
			productRefGroup = 9F2C24FD1EB742AB00F733DF /* Products */;
			projectDirPath = "";
			projectRoot = "";
			targets = (
				9F2C24FB1EB742AB00F733DF /* JapaneseStudy */,
			);
		};
/* End PBXProject section */

/* Begin PBXResourcesBuildPhase section */
		9F2C24FA1EB742AB00F733DF /* Resources */ = {
			isa = PBXResourcesBuildPhase;
			buildActionMask = 2147483647;
			files = (
				9FE530011EBA0CC800995CD3 /* character.plist in Resources */,
				9FE5300F1EBF593900995CD3 /* x.png in Resources */,
				9FE530111EC07F8E00995CD3 /* word.xml in Resources */,
				9F2C250F1EB742AB00F733DF /* LaunchScreen.storyboard in Resources */,
				9FE5300E1EBF593900995CD3 /* o.png in Resources */,
				9F2C250C1EB742AB00F733DF /* Assets.xcassets in Resources */,
				9F2C250A1EB742AB00F733DF /* Main.storyboard in Resources */,
			);
			runOnlyForDeploymentPostprocessing = 0;
		};
/* End PBXResourcesBuildPhase section */

/* Begin PBXSourcesBuildPhase section */
		9F2C24F81EB742AB00F733DF /* Sources */ = {
			isa = PBXSourcesBuildPhase;
			buildActionMask = 2147483647;
			files = (
				9F2C25071EB742AB00F733DF /* ViewController.m in Sources */,
				9F2C25041EB742AB00F733DF /* AppDelegate.m in Sources */,
				9F2C25181EB7460F00F733DF /* WordViewController.m in Sources */,
				9F2C251F1EB8BB5B00F733DF /* MatchViewController.m in Sources */,
				9FE530071EBB655800995CD3 /* MeaningViewController.m in Sources */,
				9FE530041EBA163D00995CD3 /* CharacterViewController.m in Sources */,
				9F2C25011EB742AB00F733DF /* main.m in Sources */,
				9FE5300A1EBCB69000995CD3 /* WordTableViewController.m in Sources */,
			);
			runOnlyForDeploymentPostprocessing = 0;
		};
/* End PBXSourcesBuildPhase section */

/* Begin PBXVariantGroup section */
		9F2C25081EB742AB00F733DF /* Main.storyboard */ = {
			isa = PBXVariantGroup;
			children = (
				9F2C25091EB742AB00F733DF /* Base */,
			);
			name = Main.storyboard;
			sourceTree = "<group>";
		};
		9F2C250D1EB742AB00F733DF /* LaunchScreen.storyboard */ = {
			isa = PBXVariantGroup;
			children = (
				9F2C250E1EB742AB00F733DF /* Base */,
			);
			name = LaunchScreen.storyboard;
			sourceTree = "<group>";
		};
/* End PBXVariantGroup section */

/* Begin XCBuildConfiguration section */
		9F2C25111EB742AB00F733DF /* Debug */ = {
			isa = XCBuildConfiguration;
			buildSettings = {
				ALWAYS_SEARCH_USER_PATHS = NO;
				CLANG_ANALYZER_NONNULL = YES;
				CLANG_ANALYZER_NUMBER_OBJECT_CONVERSION = YES_AGGRESSIVE;
				CLANG_CXX_LANGUAGE_STANDARD = "gnu++0x";
				CLANG_CXX_LIBRARY = "libc++";
				CLANG_ENABLE_MODULES = YES;
				CLANG_ENABLE_OBJC_ARC = YES;
				CLANG_WARN_BOOL_CONVERSION = YES;
				CLANG_WARN_CONSTANT_CONVERSION = YES;
				CLANG_WARN_DIRECT_OBJC_ISA_USAGE = YES_ERROR;
				CLANG_WARN_DOCUMENTATION_COMMENTS = YES;
				CLANG_WARN_EMPTY_BODY = YES;
				CLANG_WARN_ENUM_CONVERSION = YES;
				CLANG_WARN_INFINITE_RECURSION = YES;
				CLANG_WARN_INT_CONVERSION = YES;
				CLANG_WARN_OBJC_ROOT_CLASS = YES_ERROR;
				CLANG_WARN_SUSPICIOUS_MOVE = YES;
				CLANG_WARN_UNREACHABLE_CODE = YES;
				CLANG_WARN__DUPLICATE_METHOD_MATCH = YES;
				"CODE_SIGN_IDENTITY[sdk=iphoneos*]" = "iPhone Developer";
				COPY_PHASE_STRIP = NO;
				DEBUG_INFORMATION_FORMAT = dwarf;
				ENABLE_STRICT_OBJC_MSGSEND = YES;
				ENABLE_TESTABILITY = YES;
				GCC_C_LANGUAGE_STANDARD = gnu99;
				GCC_DYNAMIC_NO_PIC = NO;
				GCC_NO_COMMON_BLOCKS = YES;
				GCC_OPTIMIZATION_LEVEL = 0;
				GCC_PREPROCESSOR_DEFINITIONS = (
					"DEBUG=1",
					"$(inherited)",
				);
				GCC_WARN_64_TO_32_BIT_CONVERSION = YES;
				GCC_WARN_ABOUT_RETURN_TYPE = YES_ERROR;
				GCC_WARN_UNDECLARED_SELECTOR = YES;
				GCC_WARN_UNINITIALIZED_AUTOS = YES_AGGRESSIVE;
				GCC_WARN_UNUSED_FUNCTION = YES;
				GCC_WARN_UNUSED_VARIABLE = YES;
				IPHONEOS_DEPLOYMENT_TARGET = 10.3;
				MTL_ENABLE_DEBUG_INFO = YES;
				ONLY_ACTIVE_ARCH = YES;
				SDKROOT = iphoneos;
			};
			name = Debug;
		};
		9F2C25121EB742AB00F733DF /* Release */ = {
			isa = XCBuildConfiguration;
			buildSettings = {
				ALWAYS_SEARCH_USER_PATHS = NO;
				CLANG_ANALYZER_NONNULL = YES;
				CLANG_ANALYZER_NUMBER_OBJECT_CONVERSION = YES_AGGRESSIVE;
				CLANG_CXX_LANGUAGE_STANDARD = "gnu++0x";
				CLANG_CXX_LIBRARY = "libc++";
				CLANG_ENABLE_MODULES = YES;
				CLANG_ENABLE_OBJC_ARC = YES;
				CLANG_WARN_BOOL_CONVERSION = YES;
				CLANG_WARN_CONSTANT_CONVERSION = YES;
				CLANG_WARN_DIRECT_OBJC_ISA_USAGE = YES_ERROR;
				CLANG_WARN_DOCUMENTATION_COMMENTS = YES;
				CLANG_WARN_EMPTY_BODY = YES;
				CLANG_WARN_ENUM_CONVERSION = YES;
				CLANG_WARN_INFINITE_RECURSION = YES;
				CLANG_WARN_INT_CONVERSION = YES;
				CLANG_WARN_OBJC_ROOT_CLASS = YES_ERROR;
				CLANG_WARN_SUSPICIOUS_MOVE = YES;
				CLANG_WARN_UNREACHABLE_CODE = YES;
				CLANG_WARN__DUPLICATE_METHOD_MATCH = YES;
				"CODE_SIGN_IDENTITY[sdk=iphoneos*]" = "iPhone Developer";
				COPY_PHASE_STRIP = NO;
				DEBUG_INFORMATION_FORMAT = "dwarf-with-dsym";
				ENABLE_NS_ASSERTIONS = NO;
				ENABLE_STRICT_OBJC_MSGSEND = YES;
				GCC_C_LANGUAGE_STANDARD = gnu99;
				GCC_NO_COMMON_BLOCKS = YES;
				GCC_WARN_64_TO_32_BIT_CONVERSION = YES;
				GCC_WARN_ABOUT_RETURN_TYPE = YES_ERROR;
				GCC_WARN_UNDECLARED_SELECTOR = YES;
				GCC_WARN_UNINITIALIZED_AUTOS = YES_AGGRESSIVE;
				GCC_WARN_UNUSED_FUNCTION = YES;
				GCC_WARN_UNUSED_VARIABLE = YES;
				IPHONEOS_DEPLOYMENT_TARGET = 10.3;
				MTL_ENABLE_DEBUG_INFO = NO;
				SDKROOT = iphoneos;
				VALIDATE_PRODUCT = YES;
			};
			name = Release;
		};
		9F2C25141EB742AB00F733DF /* Debug */ = {
			isa = XCBuildConfiguration;
			buildSettings = {
				ASSETCATALOG_COMPILER_APPICON_NAME = AppIcon;
				DEVELOPMENT_TEAM = 4VT3C47CU5;
				INFOPLIST_FILE = JapaneseStudy/Info.plist;
				LD_RUNPATH_SEARCH_PATHS = "$(inherited) @executable_path/Frameworks";
				PRODUCT_BUNDLE_IDENTIFIER = co.kr.test.JapaneseStudy;
				PRODUCT_NAME = "$(TARGET_NAME)";
			};
			name = Debug;
		};
		9F2C25151EB742AB00F733DF /* Release */ = {
			isa = XCBuildConfiguration;
			buildSettings = {
				ASSETCATALOG_COMPILER_APPICON_NAME = AppIcon;
				DEVELOPMENT_TEAM = 4VT3C47CU5;
				INFOPLIST_FILE = JapaneseStudy/Info.plist;
				LD_RUNPATH_SEARCH_PATHS = "$(inherited) @executable_path/Frameworks";
				PRODUCT_BUNDLE_IDENTIFIER = co.kr.test.JapaneseStudy;
				PRODUCT_NAME = "$(TARGET_NAME)";
			};
			name = Release;
		};
/* End XCBuildConfiguration section */

/* Begin XCConfigurationList section */
		9F2C24F71EB742AB00F733DF /* Build configuration list for PBXProject "JapaneseStudy" */ = {
			isa = XCConfigurationList;
			buildConfigurations = (
				9F2C25111EB742AB00F733DF /* Debug */,
				9F2C25121EB742AB00F733DF /* Release */,
			);
			defaultConfigurationIsVisible = 0;
			defaultConfigurationName = Release;
		};
		9F2C25131EB742AB00F733DF /* Build configuration list for PBXNativeTarget "JapaneseStudy" */ = {
			isa = XCConfigurationList;
			buildConfigurations = (
				9F2C25141EB742AB00F733DF /* Debug */,
				9F2C25151EB742AB00F733DF /* Release */,
			);
			defaultConfigurationIsVisible = 0;
			defaultConfigurationName = Release;
		};
/* End XCConfigurationList section */
	};
	rootObject = 9F2C24F41EB742AB00F733DF /* Project object */;
}
